
Microsoft Visual Studio Solution File, Format Version 12.00
# Visual Studio Version 17
VisualStudioVersion = 17.5.002.0
MinimumVisualStudioVersion = 10.0.40219.1
Project("{9A19103F-16F7-4668-BE54-9A1E7A4F7556}") = "JogosDoAno", "JogosDoAno.csproj", "{BC077F14-6B8B-4204-B534-3E677FF01C87}"
EndProject
Global
	GlobalSection(SolutionConfigurationPlatforms) = preSolution
		Debug|Any CPU = Debug|Any CPU
		Release|Any CPU = Release|Any CPU
	EndGlobalSection
	GlobalSection(ProjectConfigurationPlatforms) = postSolution
		{BC077F14-6B8B-4204-B534-3E677FF01C87}.Debug|Any CPU.ActiveCfg = Debug|Any CPU
		{BC077F14-6B8B-4204-B534-3E677FF01C87}.Debug|Any CPU.Build.0 = Debug|Any CPU
		{BC077F14-6B8B-4204-B534-3E677FF01C87}.Release|Any CPU.ActiveCfg = Release|Any CPU
		{BC077F14-6B8B-4204-B534-3E677FF01C87}.Release|Any CPU.Build.0 = Release|Any CPU
	EndGlobalSection
	GlobalSection(SolutionProperties) = preSolution
		HideSolutionNode = FALSE
	EndGlobalSection
	GlobalSection(ExtensibilityGlobals) = postSolution
		SolutionGuid = {49486D70-0A7D-4D8A-BDFF-C7D5955043D5}
	EndGlobalSection
EndGlobal
